{
  "nodes": {
    "ags": {
      "inputs": {
        "astal": "astal",
        "nixpkgs": [
          "akirds",
          "nixpkgs"
        ]
      },
      "locked": {
        "lastModified": 1764289441,
        "narHash": "sha256-ak+lgFiYE5PHByN1/BRkO5JP498hno6Ix24C1Qf/vec=",
        "owner": "aylur",
        "repo": "ags",
        "rev": "e169694390548dfd38ff40f1ef2163d6c3ffe3ea",
        "type": "github"
      },
      "original": {
        "owner": "aylur",
        "repo": "ags",
        "type": "github"
      }
    },
    "akirds": {
      "inputs": {
        "ags": "ags",
        "astal": "astal_2",
        "nixpkgs": [
          "nixpkgs"
        ]
      },
      "locked": {
        "lastModified": 1768747913,
        "narHash": "sha256-DQZ5ONYjuaXGVypxPsLCgE6NGK4BI02VQwawGjXFBRM=",
        "owner": "pomeluce",
        "repo": "akir-shell",
        "rev": "e4868673601ca8d0946d8018898fc3970e76f1af",
        "type": "github"
      },
      "original": {
        "owner": "pomeluce",
        "repo": "akir-shell",
        "type": "github"
      }
    },
    "astal": {
      "inputs": {
        "nixpkgs": [
          "akirds",
          "ags",
          "nixpkgs"
        ]
      },
      "locked": {
        "lastModified": 1764173295,
        "narHash": "sha256-Jh4VtPcK2Ov+RTcV9FtyQRsxiJmXFQGfqX6jjM7/mgc=",
        "owner": "aylur",
        "repo": "astal",
        "rev": "7d1fac8a4b2a14954843a978d2ddde86168c75ef",
        "type": "github"
      },
      "original": {
        "owner": "aylur",
        "repo": "astal",
        "type": "github"
      }
    },
    "astal_2": {
      "inputs": {
        "nixpkgs": [
          "akirds",
          "nixpkgs"
        ]
      },
      "locked": {
        "lastModified": 1765341517,
        "narHash": "sha256-4WAab6GmBTjpkm1I6vaWAiFdnuDCo7wMXLegGCXbuSs=",
        "owner": "sameoldlab",
        "repo": "astal",
        "rev": "8ebaca7f913ea2c1af48a5adb424a0122d4a8cb1",
        "type": "github"
      },
      "original": {
        "owner": "sameoldlab",
        "ref": "feat/niri",
        "repo": "astal",
        "type": "github"
      }
    },
    "azimfw": {
      "flake": false,
      "locked": {
        "lastModified": 1768828925,
        "narHash": "sha256-o0cAZ+aF26xTgmixwG+wc4p/y4vFHDzqCj2Zk3+jnew=",
        "owner": "pomeluce",
        "repo": "akir-zimfw",
        "rev": "a58c5137d2d24b0e74e57c1e585a17fcc3395cf3",
        "type": "github"
      },
      "original": {
        "owner": "pomeluce",
        "repo": "akir-zimfw",
        "type": "github"
      }
    },
    "flake-compat": {
      "flake": false,
      "locked": {
        "lastModified": 1767039857,
        "narHash": "sha256-vNpUSpF5Nuw8xvDLj2KCwwksIbjua2LZCqhV1LNRDns=",
        "owner": "edolstra",
        "repo": "flake-compat",
        "rev": "5edf11c44bc78a0d334f6334cdaf7d60d732daab",
        "type": "github"
      },
      "original": {
        "owner": "edolstra",
        "repo": "flake-compat",
        "type": "github"
      }
    },
    "flake-parts": {
      "inputs": {
        "nixpkgs-lib": [
          "neovim-nightly",
          "nixpkgs"
        ]
      },
      "locked": {
        "lastModified": 1769996383,
        "narHash": "sha256-AnYjnFWgS49RlqX7LrC4uA+sCCDBj0Ry/WOJ5XWAsa0=",
        "owner": "hercules-ci",
        "repo": "flake-parts",
        "rev": "57928607ea566b5db3ad13af0e57e921e6b12381",
        "type": "github"
      },
      "original": {
        "owner": "hercules-ci",
        "repo": "flake-parts",
        "type": "github"
      }
    },
    "flake-parts_2": {
      "inputs": {
        "nixpkgs-lib": [
          "nur",
          "nixpkgs"
        ]
      },
      "locked": {
        "lastModified": 1733312601,
        "narHash": "sha256-4pDvzqnegAfRkPwO3wmwBhVi/Sye1mzps0zHWYnP88c=",
        "owner": "hercules-ci",
        "repo": "flake-parts",
        "rev": "205b12d8b7cd4802fbcb8e8ef6a0f1408781a4f9",
        "type": "github"
      },
      "original": {
        "owner": "hercules-ci",
        "repo": "flake-parts",
        "type": "github"
      }
    },
    "home-manager": {
      "inputs": {
        "nixpkgs": [
          "nixpkgs"
        ]
      },
      "locked": {
        "lastModified": 1771851181,
        "narHash": "sha256-gFgE6mGUftwseV3DUENMb0k0EiHd739lZexPo5O/sdQ=",
        "owner": "nix-community",
        "repo": "home-manager",
        "rev": "9a4b494b1aa1b93d8edf167f46dc8e0c0011280c",
        "type": "github"
      },
      "original": {
        "owner": "nix-community",
        "repo": "home-manager",
        "type": "github"
      }
    },
    "neovim-nightly": {
      "inputs": {
        "flake-parts": "flake-parts",
        "neovim-src": "neovim-src",
        "nixpkgs": "nixpkgs"
      },
      "locked": {
        "lastModified": 1771891493,
        "narHash": "sha256-L0OCnG8rsWJYZ3mzHSz0iENtlBXQjjcGgvMgsBqN14U=",
        "owner": "nix-community",
        "repo": "neovim-nightly-overlay",
        "rev": "7db85d094c68697fc36801bccdf015b4c2bdb274",
        "type": "github"
      },
      "original": {
        "owner": "nix-community",
        "repo": "neovim-nightly-overlay",
        "type": "github"
      }
    },
    "neovim-src": {
      "flake": false,
      "locked": {
        "lastModified": 1771885993,
        "narHash": "sha256-2c4H+5f0qhsp13Vx8pbsGiSRTHBJIfQaRAAUSHGEpgo=",
        "owner": "neovim",
        "repo": "neovim",
        "rev": "d9d8c660fd5559d928c8870a21970a375674e310",
        "type": "github"
      },
      "original": {
        "owner": "neovim",
        "repo": "neovim",
        "type": "github"
      }
    },
    "nixos-wsl": {
      "inputs": {
        "flake-compat": "flake-compat",
        "nixpkgs": [
          "nixpkgs"
        ]
      },
      "locked": {
        "lastModified": 1771563879,
        "narHash": "sha256-vA5hocvdGhr+jfBN7A7ogeZqIz2qx01EixXwdVsQcnE=",
        "owner": "nix-community",
        "repo": "NixOS-WSL",
        "rev": "379d20c55f552e91fb9f3f0382e4a97d3f452943",
        "type": "github"
      },
      "original": {
        "owner": "nix-community",
        "repo": "NixOS-WSL",
        "type": "github"
      }
    },
    "nixpkgs": {
      "locked": {
        "lastModified": 1771423170,
        "narHash": "sha256-K7Dg9TQ0mOcAtWTO/FX/FaprtWQ8BmEXTpLIaNRhEwU=",
        "owner": "NixOS",
        "repo": "nixpkgs",
        "rev": "bcc4a9d9533c033d806a46b37dc444f9b0da49dd",
        "type": "github"
      },
      "original": {
        "owner": "NixOS",
        "ref": "nixpkgs-unstable",
        "repo": "nixpkgs",
        "type": "github"
      }
    },
    "nixpkgs-stable": {
      "locked": {
        "lastModified": 1771714954,
        "narHash": "sha256-nhZJPnBavtu40/L2aqpljrfUNb2rxmWTmSjK2c9UKds=",
        "owner": "nixos",
        "repo": "nixpkgs",
        "rev": "afbbf774e2087c3d734266c22f96fca2e78d3620",
        "type": "github"
      },
      "original": {
        "owner": "nixos",
        "ref": "nixos-25.11",
        "repo": "nixpkgs",
        "type": "github"
      }
    },
    "nixpkgs-unstable": {
      "locked": {
        "lastModified": 1771369470,
        "narHash": "sha256-0NBlEBKkN3lufyvFegY4TYv5mCNHbi5OmBDrzihbBMQ=",
        "owner": "nixos",
        "repo": "nixpkgs",
        "rev": "0182a361324364ae3f436a63005877674cf45efb",
        "type": "github"
      },
      "original": {
        "owner": "nixos",
        "ref": "nixos-unstable",
        "repo": "nixpkgs",
        "type": "github"
      }
    },
    "nixpkgs_2": {
      "locked": {
        "lastModified": 1771369470,
        "narHash": "sha256-0NBlEBKkN3lufyvFegY4TYv5mCNHbi5OmBDrzihbBMQ=",
        "owner": "nixos",
        "repo": "nixpkgs",
        "rev": "0182a361324364ae3f436a63005877674cf45efb",
        "type": "github"
      },
      "original": {
        "owner": "nixos",
        "ref": "nixos-unstable",
        "repo": "nixpkgs",
        "type": "github"
      }
    },
    "nixpkgs_3": {
      "locked": {
        "lastModified": 1771369470,
        "narHash": "sha256-0NBlEBKkN3lufyvFegY4TYv5mCNHbi5OmBDrzihbBMQ=",
        "owner": "nixos",
        "repo": "nixpkgs",
        "rev": "0182a361324364ae3f436a63005877674cf45efb",
        "type": "github"
      },
      "original": {
        "owner": "nixos",
        "ref": "nixos-unstable",
        "repo": "nixpkgs",
        "type": "github"
      }
    },
    "nur": {
      "inputs": {
        "flake-parts": "flake-parts_2",
        "nixpkgs": "nixpkgs_3"
      },
      "locked": {
        "lastModified": 1771893957,
        "narHash": "sha256-uc3FE2xt9+LPMSssm96X1g8I98nyNor1iHJRhObtqZY=",
        "owner": "nix-community",
        "repo": "NUR",
        "rev": "e418eb54b4331fa87a88af45b489396b40eb0ad0",
        "type": "github"
      },
      "original": {
        "owner": "nix-community",
        "repo": "NUR",
        "type": "github"
      }
    },
    "root": {
      "inputs": {
        "akirds": "akirds",
        "azimfw": "azimfw",
        "home-manager": "home-manager",
        "neovim-nightly": "neovim-nightly",
        "nixos-wsl": "nixos-wsl",
        "nixpkgs": "nixpkgs_2",
        "nixpkgs-stable": "nixpkgs-stable",
        "nixpkgs-unstable": "nixpkgs-unstable",
        "nur": "nur",
        "silent-sddm": "silent-sddm",
        "sops-nix": "sops-nix"
      }
    },
    "silent-sddm": {
      "inputs": {
        "nixpkgs": [
          "nixpkgs"
        ]
      },
      "locked": {
        "lastModified": 1769900466,
        "narHash": "sha256-WeoJBj/PhqFCCJEIycTipqPbKm5BpQT2uzFTYcYZ30I=",
        "owner": "uiriansan",
        "repo": "SilentSDDM",
        "rev": "a44caf771b4cb72f5c2514f7d488455b0fa860d2",
        "type": "github"
      },
      "original": {
        "owner": "uiriansan",
        "repo": "SilentSDDM",
        "type": "github"
      }
    },
    "sops-nix": {
      "inputs": {
        "nixpkgs": [
          "nixpkgs"
        ]
      },
      "locked": {
        "lastModified": 1771889317,
        "narHash": "sha256-YV17Q5lEU0S9ppw08Y+cs4eEQJBuc79AzblFoHORLMU=",
        "owner": "Mic92",
        "repo": "sops-nix",
        "rev": "b027513c32e5b39b59f64626b87fbe168ae02094",
        "type": "github"
      },
      "original": {
        "owner": "Mic92",
        "repo": "sops-nix",
        "type": "github"
      }
    }
  },
  "root": "root",
  "version": 7
}
